
Microsoft Visual Studio Solution File, Format Version 12.00
# Visual Studio 15
Project("{FAE04EC0-301F-11D3-BF4B-00C04F79EFBC}") = "Assembly-CSharp", "Assembly-CSharp.csproj", "{6777F9E4-8265-838B-7969-121F26B91C33}"
EndProject
Project("{FAE04EC0-301F-11D3-BF4B-00C04F79EFBC}") = "Assembly-CSharp-Editor", "Assembly-CSharp-Editor.csproj", "{13A5B274-12E9-0153-B085-A9FD17D36ED4}"
EndProject
Global
	GlobalSection(SolutionConfigurationPlatforms) = preSolution
		Debug|Any CPU = Debug|Any CPU
		Release|Any CPU = Release|Any CPU
	EndGlobalSection
	GlobalSection(ProjectConfigurationPlatforms) = postSolution
		{6777F9E4-8265-838B-7969-121F26B91C33}.Debug|Any CPU.ActiveCfg = Debug|Any CPU
		{6777F9E4-8265-838B-7969-121F26B91C33}.Debug|Any CPU.Build.0 = Debug|Any CPU
		{6777F9E4-8265-838B-7969-121F26B91C33}.Release|Any CPU.ActiveCfg = Release|Any CPU
		{6777F9E4-8265-838B-7969-121F26B91C33}.Release|Any CPU.Build.0 = Release|Any CPU
		{13A5B274-12E9-0153-B085-A9FD17D36ED4}.Debug|Any CPU.ActiveCfg = Debug|Any CPU
		{13A5B274-12E9-0153-B085-A9FD17D36ED4}.Debug|Any CPU.Build.0 = Debug|Any CPU
		{13A5B274-12E9-0153-B085-A9FD17D36ED4}.Release|Any CPU.ActiveCfg = Release|Any CPU
		{13A5B274-12E9-0153-B085-A9FD17D36ED4}.Release|Any CPU.Build.0 = Release|Any CPU
	EndGlobalSection
	GlobalSection(SolutionProperties) = preSolution
		HideSolutionNode = FALSE
	EndGlobalSection
EndGlobal
