
Microsoft Visual Studio Solution File, Format Version 12.00
# Visual Studio Version 16
VisualStudioVersion = 16.0.32106.194
MinimumVisualStudioVersion = 10.0.40219.1
Project("{FAE04EC0-301F-11D3-BF4B-00C04F79EFBC}") = "Assembly-CSharp", "Assembly-CSharp.csproj", "{32C3BDE6-E125-3128-82C1-25D0441455A3}"
EndProject
Project("{FAE04EC0-301F-11D3-BF4B-00C04F79EFBC}") = "Assembly-CSharp-Editor", "Assembly-CSharp-Editor.csproj", "{13A5B274-12E9-0153-B085-A9FD17D36ED4}"
EndProject
Global
	GlobalSection(SolutionConfigurationPlatforms) = preSolution
		Debug|Any CPU = Debug|Any CPU
		Release|Any CPU = Release|Any CPU
	EndGlobalSection
	GlobalSection(ProjectConfigurationPlatforms) = postSolution
		{32C3BDE6-E125-3128-82C1-25D0441455A3}.Debug|Any CPU.ActiveCfg = Debug|Any CPU
		{32C3BDE6-E125-3128-82C1-25D0441455A3}.Debug|Any CPU.Build.0 = Debug|Any CPU
		{32C3BDE6-E125-3128-82C1-25D0441455A3}.Release|Any CPU.ActiveCfg = Release|Any CPU
		{32C3BDE6-E125-3128-82C1-25D0441455A3}.Release|Any CPU.Build.0 = Release|Any CPU
		{13A5B274-12E9-0153-B085-A9FD17D36ED4}.Debug|Any CPU.ActiveCfg = Debug|Any CPU
		{13A5B274-12E9-0153-B085-A9FD17D36ED4}.Debug|Any CPU.Build.0 = Debug|Any CPU
		{13A5B274-12E9-0153-B085-A9FD17D36ED4}.Release|Any CPU.ActiveCfg = Release|Any CPU
		{13A5B274-12E9-0153-B085-A9FD17D36ED4}.Release|Any CPU.Build.0 = Release|Any CPU
	EndGlobalSection
	GlobalSection(SolutionProperties) = preSolution
		HideSolutionNode = FALSE
	EndGlobalSection
	GlobalSection(ExtensibilityGlobals) = postSolution
		SolutionGuid = {224810E1-AFAF-4764-A91A-8F4A62991DC1}
	EndGlobalSection
EndGlobal
